github.com/kdedon/grpool v0.0.0-20230721023615-578677045526 h1:Kwepao0GMzDFxbFyVCXgpuJTlPmdLcDGOn1MQrz01tA=
github.com/kdedon/grpool v0.0.0-20230721023615-578677045526/go.mod h1:6lqneZWAy3WYf2ynAUJBv69dZjrLxQveL/JoTv3QcWg=
golang.org/x/exp v0.0.0-20230713183714-613f0c0eb8a1 h1:MGwJjxBy0HJshjDNfLsYO8xppfqWlA5ZT9OhtUUhTNw=
golang.org/x/exp v0.0.0-20230713183714-613f0c0eb8a1/go.mod h1:FXUEEKJgO7OQYeo8N01OfiKP8RXMtf6e8aTskBGqWdc=
